
Microsoft Visual Studio Solution File, Format Version 10.00
# Visual Studio 2008
Project("{FAE04EC0-301F-11D3-BF4B-00C04F79EFBC}") = "Evaluator", "Evaluator\Evaluator.csproj", "{A2FA23F3-370B-4FB6-A18F-BC4A9347D439}"
EndProject
Project("{FAE04EC0-301F-11D3-BF4B-00C04F79EFBC}") = "TTAPItest", "TTAPItest\TTAPItest.csproj", "{E6780A3D-73D0-434F-9CF0-A0EAE6D2E22C}"
EndProject
Project("{FAE04EC0-301F-11D3-BF4B-00C04F79EFBC}") = "OptionsGUItest", "OptionsGUItest\OptionsGUItest.csproj", "{B9424CAF-6708-4DED-9839-A76CA83EFAC8}"
EndProject
Global
	GlobalSection(SolutionConfigurationPlatforms) = preSolution
		Debug|Any CPU = Debug|Any CPU
		Release|Any CPU = Release|Any CPU
	EndGlobalSection
	GlobalSection(ProjectConfigurationPlatforms) = postSolution
		{A2FA23F3-370B-4FB6-A18F-BC4A9347D439}.Debug|Any CPU.ActiveCfg = Debug|Any CPU
		{A2FA23F3-370B-4FB6-A18F-BC4A9347D439}.Debug|Any CPU.Build.0 = Debug|Any CPU
		{A2FA23F3-370B-4FB6-A18F-BC4A9347D439}.Release|Any CPU.ActiveCfg = Release|Any CPU
		{A2FA23F3-370B-4FB6-A18F-BC4A9347D439}.Release|Any CPU.Build.0 = Release|Any CPU
		{E6780A3D-73D0-434F-9CF0-A0EAE6D2E22C}.Debug|Any CPU.ActiveCfg = Debug|Any CPU
		{E6780A3D-73D0-434F-9CF0-A0EAE6D2E22C}.Debug|Any CPU.Build.0 = Debug|Any CPU
		{E6780A3D-73D0-434F-9CF0-A0EAE6D2E22C}.Release|Any CPU.ActiveCfg = Release|Any CPU
		{E6780A3D-73D0-434F-9CF0-A0EAE6D2E22C}.Release|Any CPU.Build.0 = Release|Any CPU
		{B9424CAF-6708-4DED-9839-A76CA83EFAC8}.Debug|Any CPU.ActiveCfg = Debug|Any CPU
		{B9424CAF-6708-4DED-9839-A76CA83EFAC8}.Debug|Any CPU.Build.0 = Debug|Any CPU
		{B9424CAF-6708-4DED-9839-A76CA83EFAC8}.Release|Any CPU.ActiveCfg = Release|Any CPU
		{B9424CAF-6708-4DED-9839-A76CA83EFAC8}.Release|Any CPU.Build.0 = Release|Any CPU
	EndGlobalSection
	GlobalSection(SolutionProperties) = preSolution
		HideSolutionNode = FALSE
	EndGlobalSection
EndGlobal
